
Microsoft Visual Studio Solution File, Format Version 12.00
# Visual Studio Version 17
VisualStudioVersion = 17.4.33403.182
MinimumVisualStudioVersion = 10.0.40219.1
Project("{8BC9CEB8-8B4A-11D0-8D11-00A0C91BC942}") = "SWADP", "SWADP\SWADP.vcxproj", "{EC82F350-1465-4608-AB50-A99C56076751}"
EndProject
Global
	GlobalSection(SolutionConfigurationPlatforms) = preSolution
		Debug|x64 = Debug|x64
		Debug|x86 = Debug|x86
		Release|x64 = Release|x64
		Release|x86 = Release|x86
	EndGlobalSection
	GlobalSection(ProjectConfigurationPlatforms) = postSolution
		{EC82F350-1465-4608-AB50-A99C56076751}.Debug|x64.ActiveCfg = Debug|x64
		{EC82F350-1465-4608-AB50-A99C56076751}.Debug|x64.Build.0 = Debug|x64
		{EC82F350-1465-4608-AB50-A99C56076751}.Debug|x86.ActiveCfg = Debug|Win32
		{EC82F350-1465-4608-AB50-A99C56076751}.Debug|x86.Build.0 = Debug|Win32
		{EC82F350-1465-4608-AB50-A99C56076751}.Release|x64.ActiveCfg = Release|x64
		{EC82F350-1465-4608-AB50-A99C56076751}.Release|x64.Build.0 = Release|x64
		{EC82F350-1465-4608-AB50-A99C56076751}.Release|x86.ActiveCfg = Release|Win32
		{EC82F350-1465-4608-AB50-A99C56076751}.Release|x86.Build.0 = Release|Win32
	EndGlobalSection
	GlobalSection(SolutionProperties) = preSolution
		HideSolutionNode = FALSE
	EndGlobalSection
	GlobalSection(ExtensibilityGlobals) = postSolution
		SolutionGuid = {0064C9AD-C11A-4FEB-9DD6-5EA2C862E787}
	EndGlobalSection
EndGlobal
